// !$*UTF8*$!
{
	archiveVersion = 1;
	classes = {
	};
	objectVersion = 46;
	objects = {

/* Begin PBXBuildFile section */
		6C71E9EB1B80EE7E0093E508 /* StringExtension.swift in Sources */ = {isa = PBXBuildFile; fileRef = 6C71E9EA1B80EE7E0093E508 /* StringExtension.swift */; };
		6C90B9C11B7E2A9100CD52A4 /* AppDelegate.swift in Sources */ = {isa = PBXBuildFile; fileRef = 6C90B9C01B7E2A9100CD52A4 /* AppDelegate.swift */; };
		6C90B9C31B7E2A9100CD52A4 /* ViewController.swift in Sources */ = {isa = PBXBuildFile; fileRef = 6C90B9C21B7E2A9100CD52A4 /* ViewController.swift */; };
		6C90B9C61B7E2A9100CD52A4 /* Main.storyboard in Resources */ = {isa = PBXBuildFile; fileRef = 6C90B9C41B7E2A9100CD52A4 /* Main.storyboard */; };
		6C90B9C81B7E2A9100CD52A4 /* Images.xcassets in Resources */ = {isa = PBXBuildFile; fileRef = 6C90B9C71B7E2A9100CD52A4 /* Images.xcassets */; };
		6C90B9CB1B7E2A9100CD52A4 /* LaunchScreen.xib in Resources */ = {isa = PBXBuildFile; fileRef = 6C90B9C91B7E2A9100CD52A4 /* LaunchScreen.xib */; };
		6C90B9D71B7E2A9200CD52A4 /* FilmsTests.swift in Sources */ = {isa = PBXBuildFile; fileRef = 6C90B9D61B7E2A9200CD52A4 /* FilmsTests.swift */; };
		6C90B9E11B7E89AE00CD52A4 /* OMDBAPIController.swift in Sources */ = {isa = PBXBuildFile; fileRef = 6C90B9E01B7E89AE00CD52A4 /* OMDBAPIController.swift */; };
/* End PBXBuildFile section */

/* Begin PBXContainerItemProxy section */
		6C90B9D11B7E2A9200CD52A4 /* PBXContainerItemProxy */ = {
			isa = PBXContainerItemProxy;
			containerPortal = 6C90B9B31B7E2A9100CD52A4 /* Project object */;
			proxyType = 1;
			remoteGlobalIDString = 6C90B9BA1B7E2A9100CD52A4;
			remoteInfo = Films;
		};
/* End PBXContainerItemProxy section */

/* Begin PBXFileReference section */
		6C71E9EA1B80EE7E0093E508 /* StringExtension.swift */ = {isa = PBXFileReference; fileEncoding = 4; lastKnownFileType = sourcecode.swift; path = StringExtension.swift; sourceTree = "<group>"; };
		6C90B9BB1B7E2A9100CD52A4 /* Films.app */ = {isa = PBXFileReference; explicitFileType = wrapper.application; includeInIndex = 0; path = Films.app; sourceTree = BUILT_PRODUCTS_DIR; };
		6C90B9BF1B7E2A9100CD52A4 /* Info.plist */ = {isa = PBXFileReference; lastKnownFileType = text.plist.xml; path = Info.plist; sourceTree = "<group>"; };
		6C90B9C01B7E2A9100CD52A4 /* AppDelegate.swift */ = {isa = PBXFileReference; lastKnownFileType = sourcecode.swift; path = AppDelegate.swift; sourceTree = "<group>"; };
		6C90B9C21B7E2A9100CD52A4 /* ViewController.swift */ = {isa = PBXFileReference; lastKnownFileType = sourcecode.swift; path = ViewController.swift; sourceTree = "<group>"; };
		6C90B9C51B7E2A9100CD52A4 /* Base */ = {isa = PBXFileReference; lastKnownFileType = file.storyboard; name = Base; path = Base.lproj/Main.storyboard; sourceTree = "<group>"; };
		6C90B9C71B7E2A9100CD52A4 /* Images.xcassets */ = {isa = PBXFileReference; lastKnownFileType = folder.assetcatalog; path = Images.xcassets; sourceTree = "<group>"; };
		6C90B9CA1B7E2A9100CD52A4 /* Base */ = {isa = PBXFileReference; lastKnownFileType = file.xib; name = Base; path = Base.lproj/LaunchScreen.xib; sourceTree = "<group>"; };
		6C90B9D01B7E2A9200CD52A4 /* FilmsTests.xctest */ = {isa = PBXFileReference; explicitFileType = wrapper.cfbundle; includeInIndex = 0; path = FilmsTests.xctest; sourceTree = BUILT_PRODUCTS_DIR; };
		6C90B9D51B7E2A9200CD52A4 /* Info.plist */ = {isa = PBXFileReference; lastKnownFileType = text.plist.xml; path = Info.plist; sourceTree = "<group>"; };
		6C90B9D61B7E2A9200CD52A4 /* FilmsTests.swift */ = {isa = PBXFileReference; lastKnownFileType = sourcecode.swift; path = FilmsTests.swift; sourceTree = "<group>"; };
		6C90B9E01B7E89AE00CD52A4 /* OMDBAPIController.swift */ = {isa = PBXFileReference; fileEncoding = 4; lastKnownFileType = sourcecode.swift; path = OMDBAPIController.swift; sourceTree = "<group>"; };
/* End PBXFileReference section */

/* Begin PBXFrameworksBuildPhase section */
		6C90B9B81B7E2A9100CD52A4 /* Frameworks */ = {
			isa = PBXFrameworksBuildPhase;
			buildActionMask = 2147483647;
			files = (
			);
			runOnlyForDeploymentPostprocessing = 0;
		};
		6C90B9CD1B7E2A9200CD52A4 /* Frameworks */ = {
			isa = PBXFrameworksBuildPhase;
			buildActionMask = 2147483647;
			files = (
			);
			runOnlyForDeploymentPostprocessing = 0;
		};
/* End PBXFrameworksBuildPhase section */

/* Begin PBXGroup section */
		6C90B9B21B7E2A9100CD52A4 = {
			isa = PBXGroup;
			children = (
				6C90B9BD1B7E2A9100CD52A4 /* Films */,
				6C90B9D31B7E2A9200CD52A4 /* FilmsTests */,
				6C90B9BC1B7E2A9100CD52A4 /* Products */,
			);
			sourceTree = "<group>";
		};
		6C90B9BC1B7E2A9100CD52A4 /* Products */ = {
			isa = PBXGroup;
			children = (
				6C90B9BB1B7E2A9100CD52A4 /* Films.app */,
				6C90B9D01B7E2A9200CD52A4 /* FilmsTests.xctest */,
			);
			name = Products;
			sourceTree = "<group>";
		};
		6C90B9BD1B7E2A9100CD52A4 /* Films */ = {
			isa = PBXGroup;
			children = (
				6C90B9C01B7E2A9100CD52A4 /* AppDelegate.swift */,
				6C90B9C21B7E2A9100CD52A4 /* ViewController.swift */,
				6C90B9E01B7E89AE00CD52A4 /* OMDBAPIController.swift */,
				6C71E9EA1B80EE7E0093E508 /* StringExtension.swift */,
				6C90B9C41B7E2A9100CD52A4 /* Main.storyboard */,
				6C90B9C71B7E2A9100CD52A4 /* Images.xcassets */,
				6C90B9C91B7E2A9100CD52A4 /* LaunchScreen.xib */,
				6C90B9BE1B7E2A9100CD52A4 /* Supporting Files */,
			);
			path = Films;
			sourceTree = "<group>";
		};
		6C90B9BE1B7E2A9100CD52A4 /* Supporting Files */ = {
			isa = PBXGroup;
			children = (
				6C90B9BF1B7E2A9100CD52A4 /* Info.plist */,
			);
			name = "Supporting Files";
			sourceTree = "<group>";
		};
		6C90B9D31B7E2A9200CD52A4 /* FilmsTests */ = {
			isa = PBXGroup;
			children = (
				6C90B9D61B7E2A9200CD52A4 /* FilmsTests.swift */,
				6C90B9D41B7E2A9200CD52A4 /* Supporting Files */,
			);
			path = FilmsTests;
			sourceTree = "<group>";
		};
		6C90B9D41B7E2A9200CD52A4 /* Supporting Files */ = {
			isa = PBXGroup;
			children = (
				6C90B9D51B7E2A9200CD52A4 /* Info.plist */,
			);
			name = "Supporting Files";
			sourceTree = "<group>";
		};
/* End PBXGroup section */

/* Begin PBXNativeTarget section */
		6C90B9BA1B7E2A9100CD52A4 /* Films */ = {
			isa = PBXNativeTarget;
			buildConfigurationList = 6C90B9DA1B7E2A9200CD52A4 /* Build configuration list for PBXNativeTarget "Films" */;
			buildPhases = (
				6C90B9B71B7E2A9100CD52A4 /* Sources */,
				6C90B9B81B7E2A9100CD52A4 /* Frameworks */,
				6C90B9B91B7E2A9100CD52A4 /* Resources */,
			);
			buildRules = (
			);
			dependencies = (
			);
			name = Films;
			productName = Films;
			productReference = 6C90B9BB1B7E2A9100CD52A4 /* Films.app */;
			productType = "com.apple.product-type.application";
		};
		6C90B9CF1B7E2A9200CD52A4 /* FilmsTests */ = {
			isa = PBXNativeTarget;
			buildConfigurationList = 6C90B9DD1B7E2A9200CD52A4 /* Build configuration list for PBXNativeTarget "FilmsTests" */;
			buildPhases = (
				6C90B9CC1B7E2A9200CD52A4 /* Sources */,
				6C90B9CD1B7E2A9200CD52A4 /* Frameworks */,
				6C90B9CE1B7E2A9200CD52A4 /* Resources */,
			);
			buildRules = (
			);
			dependencies = (
				6C90B9D21B7E2A9200CD52A4 /* PBXTargetDependency */,
			);
			name = FilmsTests;
			productName = FilmsTests;
			productReference = 6C90B9D01B7E2A9200CD52A4 /* FilmsTests.xctest */;
			productType = "com.apple.product-type.bundle.unit-test";
		};
/* End PBXNativeTarget section */

/* Begin PBXProject section */
		6C90B9B31B7E2A9100CD52A4 /* Project object */ = {
			isa = PBXProject;
			attributes = {
				LastUpgradeCheck = 0630;
				ORGANIZATIONNAME = "Dulio Denis";
				TargetAttributes = {
					6C90B9BA1B7E2A9100CD52A4 = {
						CreatedOnToolsVersion = 6.3.1;
					};
					6C90B9CF1B7E2A9200CD52A4 = {
						CreatedOnToolsVersion = 6.3.1;
						TestTargetID = 6C90B9BA1B7E2A9100CD52A4;
					};
				};
			};
			buildConfigurationList = 6C90B9B61B7E2A9100CD52A4 /* Build configuration list for PBXProject "Films" */;
			compatibilityVersion = "Xcode 3.2";
			developmentRegion = English;
			hasScannedForEncodings = 0;
			knownRegions = (
				en,
				Base,
			);
			mainGroup = 6C90B9B21B7E2A9100CD52A4;
			productRefGroup = 6C90B9BC1B7E2A9100CD52A4 /* Products */;
			projectDirPath = "";
			projectRoot = "";
			targets = (
				6C90B9BA1B7E2A9100CD52A4 /* Films */,
				6C90B9CF1B7E2A9200CD52A4 /* FilmsTests */,
			);
		};
/* End PBXProject section */

/* Begin PBXResourcesBuildPhase section */
		6C90B9B91B7E2A9100CD52A4 /* Resources */ = {
			isa = PBXResourcesBuildPhase;
			buildActionMask = 2147483647;
			files = (
				6C90B9C61B7E2A9100CD52A4 /* Main.storyboard in Resources */,
				6C90B9CB1B7E2A9100CD52A4 /* LaunchScreen.xib in Resources */,
				6C90B9C81B7E2A9100CD52A4 /* Images.xcassets in Resources */,
			);
			runOnlyForDeploymentPostprocessing = 0;
		};
		6C90B9CE1B7E2A9200CD52A4 /* Resources */ = {
			isa = PBXResourcesBuildPhase;
			buildActionMask = 2147483647;
			files = (
			);
			runOnlyForDeploymentPostprocessing = 0;
		};
/* End PBXResourcesBuildPhase section */

/* Begin PBXSourcesBuildPhase section */
		6C90B9B71B7E2A9100CD52A4 /* Sources */ = {
			isa = PBXSourcesBuildPhase;
			buildActionMask = 2147483647;
			files = (
				6C71E9EB1B80EE7E0093E508 /* StringExtension.swift in Sources */,
				6C90B9C31B7E2A9100CD52A4 /* ViewController.swift in Sources */,
				6C90B9E11B7E89AE00CD52A4 /* OMDBAPIController.swift in Sources */,
				6C90B9C11B7E2A9100CD52A4 /* AppDelegate.swift in Sources */,
			);
			runOnlyForDeploymentPostprocessing = 0;
		};
		6C90B9CC1B7E2A9200CD52A4 /* Sources */ = {
			isa = PBXSourcesBuildPhase;
			buildActionMask = 2147483647;
			files = (
				6C90B9D71B7E2A9200CD52A4 /* FilmsTests.swift in Sources */,
			);
			runOnlyForDeploymentPostprocessing = 0;
		};
/* End PBXSourcesBuildPhase section */

/* Begin PBXTargetDependency section */
		6C90B9D21B7E2A9200CD52A4 /* PBXTargetDependency */ = {
			isa = PBXTargetDependency;
			target = 6C90B9BA1B7E2A9100CD52A4 /* Films */;
			targetProxy = 6C90B9D11B7E2A9200CD52A4 /* PBXContainerItemProxy */;
		};
/* End PBXTargetDependency section */

/* Begin PBXVariantGroup section */
		6C90B9C41B7E2A9100CD52A4 /* Main.storyboard */ = {
			isa = PBXVariantGroup;
			children = (
				6C90B9C51B7E2A9100CD52A4 /* Base */,
			);
			name = Main.storyboard;
			sourceTree = "<group>";
		};
		6C90B9C91B7E2A9100CD52A4 /* LaunchScreen.xib */ = {
			isa = PBXVariantGroup;
			children = (
				6C90B9CA1B7E2A9100CD52A4 /* Base */,
			);
			name = LaunchScreen.xib;
			sourceTree = "<group>";
		};
/* End PBXVariantGroup section */

/* Begin XCBuildConfiguration section */
		6C90B9D81B7E2A9200CD52A4 /* Debug */ = {
			isa = XCBuildConfiguration;
			buildSettings = {
				ALWAYS_SEARCH_USER_PATHS = NO;
				CLANG_CXX_LANGUAGE_STANDARD = "gnu++0x";
				CLANG_CXX_LIBRARY = "libc++";
				CLANG_ENABLE_MODULES = YES;
				CLANG_ENABLE_OBJC_ARC = YES;
				CLANG_WARN_BOOL_CONVERSION = YES;
				CLANG_WARN_CONSTANT_CONVERSION = YES;
				CLANG_WARN_DIRECT_OBJC_ISA_USAGE = YES_ERROR;
				CLANG_WARN_EMPTY_BODY = YES;
				CLANG_WARN_ENUM_CONVERSION = YES;
				CLANG_WARN_INT_CONVERSION = YES;
				CLANG_WARN_OBJC_ROOT_CLASS = YES_ERROR;
				CLANG_WARN_UNREACHABLE_CODE = YES;
				CLANG_WARN__DUPLICATE_METHOD_MATCH = YES;
				"CODE_SIGN_IDENTITY[sdk=iphoneos*]" = "iPhone Developer";
				COPY_PHASE_STRIP = NO;
				DEBUG_INFORMATION_FORMAT = "dwarf-with-dsym";
				ENABLE_STRICT_OBJC_MSGSEND = YES;
				GCC_C_LANGUAGE_STANDARD = gnu99;
				GCC_DYNAMIC_NO_PIC = NO;
				GCC_NO_COMMON_BLOCKS = YES;
				GCC_OPTIMIZATION_LEVEL = 0;
				GCC_PREPROCESSOR_DEFINITIONS = (
					"DEBUG=1",
					"$(inherited)",
				);
				GCC_SYMBOLS_PRIVATE_EXTERN = NO;
				GCC_WARN_64_TO_32_BIT_CONVERSION = YES;
				GCC_WARN_ABOUT_RETURN_TYPE = YES_ERROR;
				GCC_WARN_UNDECLARED_SELECTOR = YES;
				GCC_WARN_UNINITIALIZED_AUTOS = YES_AGGRESSIVE;
				GCC_WARN_UNUSED_FUNCTION = YES;
				GCC_WARN_UNUSED_VARIABLE = YES;
				IPHONEOS_DEPLOYMENT_TARGET = 8.3;
				MTL_ENABLE_DEBUG_INFO = YES;
				ONLY_ACTIVE_ARCH = YES;
				SDKROOT = iphoneos;
				SWIFT_OPTIMIZATION_LEVEL = "-Onone";
			};
			name = Debug;
		};
		6C90B9D91B7E2A9200CD52A4 /* Release */ = {
			isa = XCBuildConfiguration;
			buildSettings = {
				ALWAYS_SEARCH_USER_PATHS = NO;
				CLANG_CXX_LANGUAGE_STANDARD = "gnu++0x";
				CLANG_CXX_LIBRARY = "libc++";
				CLANG_ENABLE_MODULES = YES;
				CLANG_ENABLE_OBJC_ARC = YES;
				CLANG_WARN_BOOL_CONVERSION = YES;
				CLANG_WARN_CONSTANT_CONVERSION = YES;
				CLANG_WARN_DIRECT_OBJC_ISA_USAGE = YES_ERROR;
				CLANG_WARN_EMPTY_BODY = YES;
				CLANG_WARN_ENUM_CONVERSION = YES;
				CLANG_WARN_INT_CONVERSION = YES;
				CLANG_WARN_OBJC_ROOT_CLASS = YES_ERROR;
				CLANG_WARN_UNREACHABLE_CODE = YES;
				CLANG_WARN__DUPLICATE_METHOD_MATCH = YES;
				"CODE_SIGN_IDENTITY[sdk=iphoneos*]" = "iPhone Developer";
				COPY_PHASE_STRIP = NO;
				DEBUG_INFORMATION_FORMAT = "dwarf-with-dsym";
				ENABLE_NS_ASSERTIONS = NO;
				ENABLE_STRICT_OBJC_MSGSEND = YES;
				GCC_C_LANGUAGE_STANDARD = gnu99;
				GCC_NO_COMMON_BLOCKS = YES;
				GCC_WARN_64_TO_32_BIT_CONVERSION = YES;
				GCC_WARN_ABOUT_RETURN_TYPE = YES_ERROR;
				GCC_WARN_UNDECLARED_SELECTOR = YES;
				GCC_WARN_UNINITIALIZED_AUTOS = YES_AGGRESSIVE;
				GCC_WARN_UNUSED_FUNCTION = YES;
				GCC_WARN_UNUSED_VARIABLE = YES;
				IPHONEOS_DEPLOYMENT_TARGET = 8.3;
				MTL_ENABLE_DEBUG_INFO = NO;
				SDKROOT = iphoneos;
				VALIDATE_PRODUCT = YES;
			};
			name = Release;
		};
		6C90B9DB1B7E2A9200CD52A4 /* Debug */ = {
			isa = XCBuildConfiguration;
			buildSettings = {
				ASSETCATALOG_COMPILER_APPICON_NAME = AppIcon;
				INFOPLIST_FILE = Films/Info.plist;
				LD_RUNPATH_SEARCH_PATHS = "$(inherited) @executable_path/Frameworks";
				PRODUCT_NAME = "$(TARGET_NAME)";
			};
			name = Debug;
		};
		6C90B9DC1B7E2A9200CD52A4 /* Release */ = {
			isa = XCBuildConfiguration;
			buildSettings = {
				ASSETCATALOG_COMPILER_APPICON_NAME = AppIcon;
				INFOPLIST_FILE = Films/Info.plist;
				LD_RUNPATH_SEARCH_PATHS = "$(inherited) @executable_path/Frameworks";
				PRODUCT_NAME = "$(TARGET_NAME)";
			};
			name = Release;
		};
		6C90B9DE1B7E2A9200CD52A4 /* Debug */ = {
			isa = XCBuildConfiguration;
			buildSettings = {
				BUNDLE_LOADER = "$(TEST_HOST)";
				FRAMEWORK_SEARCH_PATHS = (
					"$(SDKROOT)/Developer/Library/Frameworks",
					"$(inherited)",
				);
				GCC_PREPROCESSOR_DEFINITIONS = (
					"DEBUG=1",
					"$(inherited)",
				);
				INFOPLIST_FILE = FilmsTests/Info.plist;
				LD_RUNPATH_SEARCH_PATHS = "$(inherited) @executable_path/Frameworks @loader_path/Frameworks";
				PRODUCT_NAME = "$(TARGET_NAME)";
				TEST_HOST = "$(BUILT_PRODUCTS_DIR)/Films.app/Films";
			};
			name = Debug;
		};
		6C90B9DF1B7E2A9200CD52A4 /* Release */ = {
			isa = XCBuildConfiguration;
			buildSettings = {
				BUNDLE_LOADER = "$(TEST_HOST)";
				FRAMEWORK_SEARCH_PATHS = (
					"$(SDKROOT)/Developer/Library/Frameworks",
					"$(inherited)",
				);
				INFOPLIST_FILE = FilmsTests/Info.plist;
				LD_RUNPATH_SEARCH_PATHS = "$(inherited) @executable_path/Frameworks @loader_path/Frameworks";
				PRODUCT_NAME = "$(TARGET_NAME)";
				TEST_HOST = "$(BUILT_PRODUCTS_DIR)/Films.app/Films";
			};
			name = Release;
		};
/* End XCBuildConfiguration section */

/* Begin XCConfigurationList section */
		6C90B9B61B7E2A9100CD52A4 /* Build configuration list for PBXProject "Films" */ = {
			isa = XCConfigurationList;
			buildConfigurations = (
				6C90B9D81B7E2A9200CD52A4 /* Debug */,
				6C90B9D91B7E2A9200CD52A4 /* Release */,
			);
			defaultConfigurationIsVisible = 0;
			defaultConfigurationName = Release;
		};
		6C90B9DA1B7E2A9200CD52A4 /* Build configuration list for PBXNativeTarget "Films" */ = {
			isa = XCConfigurationList;
			buildConfigurations = (
				6C90B9DB1B7E2A9200CD52A4 /* Debug */,
				6C90B9DC1B7E2A9200CD52A4 /* Release */,
			);
			defaultConfigurationIsVisible = 0;
			defaultConfigurationName = Release;
		};
		6C90B9DD1B7E2A9200CD52A4 /* Build configuration list for PBXNativeTarget "FilmsTests" */ = {
			isa = XCConfigurationList;
			buildConfigurations = (
				6C90B9DE1B7E2A9200CD52A4 /* Debug */,
				6C90B9DF1B7E2A9200CD52A4 /* Release */,
			);
			defaultConfigurationIsVisible = 0;
			defaultConfigurationName = Release;
		};
/* End XCConfigurationList section */
	};
	rootObject = 6C90B9B31B7E2A9100CD52A4 /* Project object */;
}
